
Microsoft Visual Studio Solution File, Format Version 12.00
# Visual Studio Version 16
VisualStudioVersion = 16.0.31515.178
MinimumVisualStudioVersion = 10.0.40219.1
Project("{9A19103F-16F7-4668-BE54-9A1E7A4F7556}") = "treasure-tracker", "treasure-tracker.csproj", "{45392AED-F4AC-4C04-839C-3A695506F264}"
EndProject
Global
	GlobalSection(SolutionConfigurationPlatforms) = preSolution
		Debug|Any CPU = Debug|Any CPU
		Release|Any CPU = Release|Any CPU
	EndGlobalSection
	GlobalSection(ProjectConfigurationPlatforms) = postSolution
		{45392AED-F4AC-4C04-839C-3A695506F264}.Debug|Any CPU.ActiveCfg = Debug|Any CPU
		{45392AED-F4AC-4C04-839C-3A695506F264}.Debug|Any CPU.Build.0 = Debug|Any CPU
		{45392AED-F4AC-4C04-839C-3A695506F264}.Release|Any CPU.ActiveCfg = Release|Any CPU
		{45392AED-F4AC-4C04-839C-3A695506F264}.Release|Any CPU.Build.0 = Release|Any CPU
	EndGlobalSection
	GlobalSection(SolutionProperties) = preSolution
		HideSolutionNode = FALSE
	EndGlobalSection
	GlobalSection(ExtensibilityGlobals) = postSolution
		SolutionGuid = {406EBDCA-A4B2-4561-903F-ADC0B3258F2B}
	EndGlobalSection
EndGlobal
